PODS:
  - boost-for-react-native (1.63.0)
  - DoubleConversion (1.1.6)
  - EXApplication (4.0.0):
    - ExpoModulesCore
  - EXCamera (12.0.3):
    - ExpoModulesCore
  - EXConstants (12.1.3):
    - ExpoModulesCore
  - EXFileSystem (13.0.3):
    - ExpoModulesCore
  - EXFont (10.0.3):
    - ExpoModulesCore
  - EXGL (11.0.3):
    - EXGL_CPP
    - ExpoModulesCore
  - EXGL_CPP (11.0.1):
    - React-jsi
  - EXKeepAwake (10.0.0):
    - ExpoModulesCore
  - Expo (43.0.4):
    - ExpoModulesCore
  - ExpoModulesCore (0.4.9):
    - React-Core
  - FBLazyVector (0.63.2)
  - FBReactNativeSpec (0.63.2):
    - Folly (= 2020.01.13.00)
    - RCTRequired (= 0.63.2)
    - RCTTypeSafety (= 0.63.2)
    - React-Core (= 0.63.2)
    - React-jsi (= 0.63.2)
    - ReactCommon/turbomodule/core (= 0.63.2)
  - Folly (2020.01.13.00):
    - boost-for-react-native
    - DoubleConversion
    - Folly/Default (= 2020.01.13.00)
    - glog
  - Folly/Default (2020.01.13.00):
    - boost-for-react-native
    - DoubleConversion
    - glog
  - glog (0.3.5)
  - RCTRequired (0.63.2)
  - RCTTypeSafety (0.63.2):
    - FBLazyVector (= 0.63.2)
    - Folly (= 2020.01.13.00)
    - RCTRequired (= 0.63.2)
    - React-Core (= 0.63.2)
  - React (0.63.2):
    - React-Core (= 0.63.2)
    - React-Core/DevSupport (= 0.63.2)
    - React-Core/RCTWebSocket (= 0.63.2)
    - React-RCTActionSheet (= 0.63.2)
    - React-RCTAnimation (= 0.63.2)
    - React-RCTBlob (= 0.63.2)
    - React-RCTImage (= 0.63.2)
    - React-RCTLinking (= 0.63.2)
    - React-RCTNetwork (= 0.63.2)
    - React-RCTSettings (= 0.63.2)
    - React-RCTText (= 0.63.2)
    - React-RCTVibration (= 0.63.2)
  - React-callinvoker (0.63.2)
  - React-Core (0.63.2):
    - Folly (= 2020.01.13.00)
    - glog
    - React-Core/Default (= 0.63.2)
    - React-cxxreact (= 0.63.2)
    - React-jsi (= 0.63.2)
    - React-jsiexecutor (= 0.63.2)
    - Yoga
  - React-Core/CoreModulesHeaders (0.63.2):
    - Folly (= 2020.01.13.00)
    - glog
    - React-Core/Default
    - React-cxxreact (= 0.63.2)
    - React-jsi (= 0.63.2)
    - React-jsiexecutor (= 0.63.2)
    - Yoga
  - React-Core/Default (0.63.2):
    - Folly (= 2020.01.13.00)
    - glog
    - React-cxxreact (= 0.63.2)
    - React-jsi (= 0.63.2)
    - React-jsiexecutor (= 0.63.2)
    - Yoga
  - React-Core/DevSupport (0.63.2):
    - Folly (= 2020.01.13.00)
    - glog
    - React-Core/Default (= 0.63.2)
    - React-Core/RCTWebSocket (= 0.63.2)
    - React-cxxreact (= 0.63.2)
    - React-jsi (= 0.63.2)
    - React-jsiexecutor (= 0.63.2)
    - React-jsinspector (= 0.63.2)
    - Yoga
  - React-Core/RCTActionSheetHeaders (0.63.2):
    - Folly (= 2020.01.13.00)
    - glog
    - React-Core/Default
    - React-cxxreact (= 0.63.2)
    - React-jsi (= 0.63.2)
    - React-jsiexecutor (= 0.63.2)
    - Yoga
  - React-Core/RCTAnimationHeaders (0.63.2):
    - Folly (= 2020.01.13.00)
    - glog
    - React-Core/Default
    - React-cxxreact (= 0.63.2)
    - React-jsi (= 0.63.2)
    - React-jsiexecutor (= 0.63.2)
    - Yoga
  - React-Core/RCTBlobHeaders (0.63.2):
    - Folly (= 2020.01.13.00)
    - glog
    - React-Core/Default
    - React-cxxreact (= 0.63.2)
    - React-jsi (= 0.63.2)
    - React-jsiexecutor (= 0.63.2)
    - Yoga
  - React-Core/RCTImageHeaders (0.63.2):
    - Folly (= 2020.01.13.00)
    - glog
    - React-Core/Default
    - React-cxxreact (= 0.63.2)
    - React-jsi (= 0.63.2)
    - React-jsiexecutor (= 0.63.2)
    - Yoga
  - React-Core/RCTLinkingHeaders (0.63.2):
    - Folly (= 2020.01.13.00)
    - glog
    - React-Core/Default
    - React-cxxreact (= 0.63.2)
    - React-jsi (= 0.63.2)
    - React-jsiexecutor (= 0.63.2)
    - Yoga
  - React-Core/RCTNetworkHeaders (0.63.2):
    - Folly (= 2020.01.13.00)
    - glog
    - React-Core/Default
    - React-cxxreact (= 0.63.2)
    - React-jsi (= 0.63.2)
    - React-jsiexecutor (= 0.63.2)
    - Yoga
  - React-Core/RCTSettingsHeaders (0.63.2):
    - Folly (= 2020.01.13.00)
    - glog
    - React-Core/Default
    - React-cxxreact (= 0.63.2)
    - React-jsi (= 0.63.2)
    - React-jsiexecutor (= 0.63.2)
    - Yoga
  - React-Core/RCTTextHeaders (0.63.2):
    - Folly (= 2020.01.13.00)
    - glog
    - React-Core/Default
    - React-cxxreact (= 0.63.2)
    - React-jsi (= 0.63.2)
    - React-jsiexecutor (= 0.63.2)
    - Yoga
  - React-Core/RCTVibrationHeaders (0.63.2):
    - Folly (= 2020.01.13.00)
    - glog
    - React-Core/Default
    - React-cxxreact (= 0.63.2)
    - React-jsi (= 0.63.2)
    - React-jsiexecutor (= 0.63.2)
    - Yoga
  - React-Core/RCTWebSocket (0.63.2):
    - Folly (= 2020.01.13.00)
    - glog
    - React-Core/Default (= 0.63.2)
    - React-cxxreact (= 0.63.2)
    - React-jsi (= 0.63.2)
    - React-jsiexecutor (= 0.63.2)
    - Yoga
  - React-CoreModules (0.63.2):
    - FBReactNativeSpec (= 0.63.2)
    - Folly (= 2020.01.13.00)
    - RCTTypeSafety (= 0.63.2)
    - React-Core/CoreModulesHeaders (= 0.63.2)
    - React-jsi (= 0.63.2)
    - React-RCTImage (= 0.63.2)
    - ReactCommon/turbomodule/core (= 0.63.2)
  - React-cxxreact (0.63.2):
    - boost-for-react-native (= 1.63.0)
    - DoubleConversion
    - Folly (= 2020.01.13.00)
    - glog
    - React-callinvoker (= 0.63.2)
    - React-jsinspector (= 0.63.2)
  - React-jsi (0.63.2):
    - boost-for-react-native (= 1.63.0)
    - DoubleConversion
    - Folly (= 2020.01.13.00)
    - glog
    - React-jsi/Default (= 0.63.2)
  - React-jsi/Default (0.63.2):
    - boost-for-react-native (= 1.63.0)
    - DoubleConversion
    - Folly (= 2020.01.13.00)
    - glog
  - React-jsiexecutor (0.63.2):
    - DoubleConversion
    - Folly (= 2020.01.13.00)
    - glog
    - React-cxxreact (= 0.63.2)
    - React-jsi (= 0.63.2)
  - React-jsinspector (0.63.2)
  - react-native-webview (11.15.0):
    - React-Core
  - React-RCTActionSheet (0.63.2):
    - React-Core/RCTActionSheetHeaders (= 0.63.2)
  - React-RCTAnimation (0.63.2):
    - FBReactNativeSpec (= 0.63.2)
    - Folly (= 2020.01.13.00)
    - RCTTypeSafety (= 0.63.2)
    - React-Core/RCTAnimationHeaders (= 0.63.2)
    - React-jsi (= 0.63.2)
    - ReactCommon/turbomodule/core (= 0.63.2)
  - React-RCTBlob (0.63.2):
    - FBReactNativeSpec (= 0.63.2)
    - Folly (= 2020.01.13.00)
    - React-Core/RCTBlobHeaders (= 0.63.2)
    - React-Core/RCTWebSocket (= 0.63.2)
    - React-jsi (= 0.63.2)
    - React-RCTNetwork (= 0.63.2)
    - ReactCommon/turbomodule/core (= 0.63.2)
  - React-RCTImage (0.63.2):
    - FBReactNativeSpec (= 0.63.2)
    - Folly (= 2020.01.13.00)
    - RCTTypeSafety (= 0.63.2)
    - React-Core/RCTImageHeaders (= 0.63.2)
    - React-jsi (= 0.63.2)
    - React-RCTNetwork (= 0.63.2)
    - ReactCommon/turbomodule/core (= 0.63.2)
  - React-RCTLinking (0.63.2):
    - FBReactNativeSpec (= 0.63.2)
    - React-Core/RCTLinkingHeaders (= 0.63.2)
    - React-jsi (= 0.63.2)
    - ReactCommon/turbomodule/core (= 0.63.2)
  - React-RCTNetwork (0.63.2):
    - FBReactNativeSpec (= 0.63.2)
    - Folly (= 2020.01.13.00)
    - RCTTypeSafety (= 0.63.2)
    - React-Core/RCTNetworkHeaders (= 0.63.2)
    - React-jsi (= 0.63.2)
    - ReactCommon/turbomodule/core (= 0.63.2)
  - React-RCTSettings (0.63.2):
    - FBReactNativeSpec (= 0.63.2)
    - Folly (= 2020.01.13.00)
    - RCTTypeSafety (= 0.63.2)
    - React-Core/RCTSettingsHeaders (= 0.63.2)
    - React-jsi (= 0.63.2)
    - ReactCommon/turbomodule/core (= 0.63.2)
  - React-RCTText (0.63.2):
    - React-Core/RCTTextHeaders (= 0.63.2)
  - React-RCTVibration (0.63.2):
    - FBReactNativeSpec (= 0.63.2)
    - Folly (= 2020.01.13.00)
    - React-Core/RCTVibrationHeaders (= 0.63.2)
    - React-jsi (= 0.63.2)
    - ReactCommon/turbomodule/core (= 0.63.2)
  - ReactCommon/turbomodule/core (0.63.2):
    - DoubleConversion
    - Folly (= 2020.01.13.00)
    - glog
    - React-callinvoker (= 0.63.2)
    - React-Core (= 0.63.2)
    - React-cxxreact (= 0.63.2)
    - React-jsi (= 0.63.2)
  - RNCAsyncStorage (1.15.14):
    - React-Core
  - RNFS (2.18.0):
    - React
  - Yoga (1.14.0)

DEPENDENCIES:
  - "DoubleConversion (from `../../../node_modules/.pnpm/react-native@0.63.2_react@17.0.2/node_modules/react-native/third-party-podspecs/DoubleConversion.podspec`)"
  - "EXApplication (from `../../../node_modules/.pnpm/expo-application@4.0.0/node_modules/expo-application/ios`)"
  - "EXCamera (from `../../../node_modules/.pnpm/expo-camera@12.0.3_react@17.0.2/node_modules/expo-camera/ios`)"
  - "EXConstants (from `../../../node_modules/.pnpm/expo-constants@12.1.3/node_modules/expo-constants/ios`)"
  - "EXFileSystem (from `../../../node_modules/.pnpm/expo-file-system@13.0.3/node_modules/expo-file-system/ios`)"
  - "EXFont (from `../../../node_modules/.pnpm/expo-font@10.0.3/node_modules/expo-font/ios`)"
  - "EXGL (from `../../../node_modules/.pnpm/expo-gl@11.0.3/node_modules/expo-gl/ios`)"
  - "EXGL_CPP (from `../../../node_modules/.pnpm/expo-gl-cpp@11.0.1/node_modules/expo-gl-cpp/cpp`)"
  - "EXKeepAwake (from `../../../node_modules/.pnpm/expo-keep-awake@10.0.0/node_modules/expo-keep-awake/ios`)"
  - "Expo (from `../../../node_modules/.pnpm/expo@43.0.4_@babel+core@7.15.8/node_modules/expo/ios`)"
  - "ExpoModulesCore (from `../../../node_modules/.pnpm/expo-modules-core@0.4.9/node_modules/expo-modules-core/ios`)"
  - "FBLazyVector (from `../../../node_modules/.pnpm/react-native@0.63.2_react@17.0.2/node_modules/react-native/Libraries/FBLazyVector`)"
  - "FBReactNativeSpec (from `../../../node_modules/.pnpm/react-native@0.63.2_react@17.0.2/node_modules/react-native/Libraries/FBReactNativeSpec`)"
  - "Folly (from `../../../node_modules/.pnpm/react-native@0.63.2_react@17.0.2/node_modules/react-native/third-party-podspecs/Folly.podspec`)"
  - "glog (from `../../../node_modules/.pnpm/react-native@0.63.2_react@17.0.2/node_modules/react-native/third-party-podspecs/glog.podspec`)"
  - "RCTRequired (from `../../../node_modules/.pnpm/react-native@0.63.2_react@17.0.2/node_modules/react-native/Libraries/RCTRequired`)"
  - "RCTTypeSafety (from `../../../node_modules/.pnpm/react-native@0.63.2_react@17.0.2/node_modules/react-native/Libraries/TypeSafety`)"
  - "React (from `../../../node_modules/.pnpm/react-native@0.63.2_react@17.0.2/node_modules/react-native/`)"
  - "React-callinvoker (from `../../../node_modules/.pnpm/react-native@0.63.2_react@17.0.2/node_modules/react-native/ReactCommon/callinvoker`)"
  - "React-Core (from `../../../node_modules/.pnpm/react-native@0.63.2_react@17.0.2/node_modules/react-native/`)"
  - "React-Core/DevSupport (from `../../../node_modules/.pnpm/react-native@0.63.2_react@17.0.2/node_modules/react-native/`)"
  - "React-Core/RCTWebSocket (from `../../../node_modules/.pnpm/react-native@0.63.2_react@17.0.2/node_modules/react-native/`)"
  - "React-CoreModules (from `../../../node_modules/.pnpm/react-native@0.63.2_react@17.0.2/node_modules/react-native/React/CoreModules`)"
  - "React-cxxreact (from `../../../node_modules/.pnpm/react-native@0.63.2_react@17.0.2/node_modules/react-native/ReactCommon/cxxreact`)"
  - "React-jsi (from `../../../node_modules/.pnpm/react-native@0.63.2_react@17.0.2/node_modules/react-native/ReactCommon/jsi`)"
  - "React-jsiexecutor (from `../../../node_modules/.pnpm/react-native@0.63.2_react@17.0.2/node_modules/react-native/ReactCommon/jsiexecutor`)"
  - "React-jsinspector (from `../../../node_modules/.pnpm/react-native@0.63.2_react@17.0.2/node_modules/react-native/ReactCommon/jsinspector`)"
  - "react-native-webview (from `../../../node_modules/.pnpm/react-native-webview@11.15.0_react-native@0.63.2+react@17.0.2/node_modules/react-native-webview`)"
  - "React-RCTActionSheet (from `../../../node_modules/.pnpm/react-native@0.63.2_react@17.0.2/node_modules/react-native/Libraries/ActionSheetIOS`)"
  - "React-RCTAnimation (from `../../../node_modules/.pnpm/react-native@0.63.2_react@17.0.2/node_modules/react-native/Libraries/NativeAnimation`)"
  - "React-RCTBlob (from `../../../node_modules/.pnpm/react-native@0.63.2_react@17.0.2/node_modules/react-native/Libraries/Blob`)"
  - "React-RCTImage (from `../../../node_modules/.pnpm/react-native@0.63.2_react@17.0.2/node_modules/react-native/Libraries/Image`)"
  - "React-RCTLinking (from `../../../node_modules/.pnpm/react-native@0.63.2_react@17.0.2/node_modules/react-native/Libraries/LinkingIOS`)"
  - "React-RCTNetwork (from `../../../node_modules/.pnpm/react-native@0.63.2_react@17.0.2/node_modules/react-native/Libraries/Network`)"
  - "React-RCTSettings (from `../../../node_modules/.pnpm/react-native@0.63.2_react@17.0.2/node_modules/react-native/Libraries/Settings`)"
  - "React-RCTText (from `../../../node_modules/.pnpm/react-native@0.63.2_react@17.0.2/node_modules/react-native/Libraries/Text`)"
  - "React-RCTVibration (from `../../../node_modules/.pnpm/react-native@0.63.2_react@17.0.2/node_modules/react-native/Libraries/Vibration`)"
  - "ReactCommon/turbomodule/core (from `../../../node_modules/.pnpm/react-native@0.63.2_react@17.0.2/node_modules/react-native/ReactCommon`)"
  - "RNCAsyncStorage (from `../../../node_modules/.pnpm/@react-native-async-storage+async-storage@1.15.14_react-native@0.63.2/node_modules/@react-native-async-storage/async-storage`)"
  - "RNFS (from `../../../node_modules/.pnpm/react-native-fs@2.18.0_react-native@0.63.2/node_modules/react-native-fs`)"
  - "Yoga (from `../../../node_modules/.pnpm/react-native@0.63.2_react@17.0.2/node_modules/react-native/ReactCommon/yoga`)"

SPEC REPOS:
  trunk:
    - boost-for-react-native

EXTERNAL SOURCES:
  DoubleConversion:
    :podspec: "../../../node_modules/.pnpm/react-native@0.63.2_react@17.0.2/node_modules/react-native/third-party-podspecs/DoubleConversion.podspec"
  EXApplication:
    :path: "../../../node_modules/.pnpm/expo-application@4.0.0/node_modules/expo-application/ios"
  EXCamera:
    :path: "../../../node_modules/.pnpm/expo-camera@12.0.3_react@17.0.2/node_modules/expo-camera/ios"
  EXConstants:
    :path: "../../../node_modules/.pnpm/expo-constants@12.1.3/node_modules/expo-constants/ios"
  EXFileSystem:
    :path: "../../../node_modules/.pnpm/expo-file-system@13.0.3/node_modules/expo-file-system/ios"
  EXFont:
    :path: "../../../node_modules/.pnpm/expo-font@10.0.3/node_modules/expo-font/ios"
  EXGL:
    :path: "../../../node_modules/.pnpm/expo-gl@11.0.3/node_modules/expo-gl/ios"
  EXGL_CPP:
    :path: "../../../node_modules/.pnpm/expo-gl-cpp@11.0.1/node_modules/expo-gl-cpp/cpp"
  EXKeepAwake:
    :path: "../../../node_modules/.pnpm/expo-keep-awake@10.0.0/node_modules/expo-keep-awake/ios"
  Expo:
    :path: "../../../node_modules/.pnpm/expo@43.0.4_@babel+core@7.15.8/node_modules/expo/ios"
  ExpoModulesCore:
    :path: "../../../node_modules/.pnpm/expo-modules-core@0.4.9/node_modules/expo-modules-core/ios"
  FBLazyVector:
    :path: "../../../node_modules/.pnpm/react-native@0.63.2_react@17.0.2/node_modules/react-native/Libraries/FBLazyVector"
  FBReactNativeSpec:
    :path: "../../../node_modules/.pnpm/react-native@0.63.2_react@17.0.2/node_modules/react-native/Libraries/FBReactNativeSpec"
  Folly:
    :podspec: "../../../node_modules/.pnpm/react-native@0.63.2_react@17.0.2/node_modules/react-native/third-party-podspecs/Folly.podspec"
  glog:
    :podspec: "../../../node_modules/.pnpm/react-native@0.63.2_react@17.0.2/node_modules/react-native/third-party-podspecs/glog.podspec"
  RCTRequired:
    :path: "../../../node_modules/.pnpm/react-native@0.63.2_react@17.0.2/node_modules/react-native/Libraries/RCTRequired"
  RCTTypeSafety:
    :path: "../../../node_modules/.pnpm/react-native@0.63.2_react@17.0.2/node_modules/react-native/Libraries/TypeSafety"
  React:
    :path: "../../../node_modules/.pnpm/react-native@0.63.2_react@17.0.2/node_modules/react-native/"
  React-callinvoker:
    :path: "../../../node_modules/.pnpm/react-native@0.63.2_react@17.0.2/node_modules/react-native/ReactCommon/callinvoker"
  React-Core:
    :path: "../../../node_modules/.pnpm/react-native@0.63.2_react@17.0.2/node_modules/react-native/"
  React-CoreModules:
    :path: "../../../node_modules/.pnpm/react-native@0.63.2_react@17.0.2/node_modules/react-native/React/CoreModules"
  React-cxxreact:
    :path: "../../../node_modules/.pnpm/react-native@0.63.2_react@17.0.2/node_modules/react-native/ReactCommon/cxxreact"
  React-jsi:
    :path: "../../../node_modules/.pnpm/react-native@0.63.2_react@17.0.2/node_modules/react-native/ReactCommon/jsi"
  React-jsiexecutor:
    :path: "../../../node_modules/.pnpm/react-native@0.63.2_react@17.0.2/node_modules/react-native/ReactCommon/jsiexecutor"
  React-jsinspector:
    :path: "../../../node_modules/.pnpm/react-native@0.63.2_react@17.0.2/node_modules/react-native/ReactCommon/jsinspector"
  react-native-webview:
    :path: "../../../node_modules/.pnpm/react-native-webview@11.15.0_react-native@0.63.2+react@17.0.2/node_modules/react-native-webview"
  React-RCTActionSheet:
    :path: "../../../node_modules/.pnpm/react-native@0.63.2_react@17.0.2/node_modules/react-native/Libraries/ActionSheetIOS"
  React-RCTAnimation:
    :path: "../../../node_modules/.pnpm/react-native@0.63.2_react@17.0.2/node_modules/react-native/Libraries/NativeAnimation"
  React-RCTBlob:
    :path: "../../../node_modules/.pnpm/react-native@0.63.2_react@17.0.2/node_modules/react-native/Libraries/Blob"
  React-RCTImage:
    :path: "../../../node_modules/.pnpm/react-native@0.63.2_react@17.0.2/node_modules/react-native/Libraries/Image"
  React-RCTLinking:
    :path: "../../../node_modules/.pnpm/react-native@0.63.2_react@17.0.2/node_modules/react-native/Libraries/LinkingIOS"
  React-RCTNetwork:
    :path: "../../../node_modules/.pnpm/react-native@0.63.2_react@17.0.2/node_modules/react-native/Libraries/Network"
  React-RCTSettings:
    :path: "../../../node_modules/.pnpm/react-native@0.63.2_react@17.0.2/node_modules/react-native/Libraries/Settings"
  React-RCTText:
    :path: "../../../node_modules/.pnpm/react-native@0.63.2_react@17.0.2/node_modules/react-native/Libraries/Text"
  React-RCTVibration:
    :path: "../../../node_modules/.pnpm/react-native@0.63.2_react@17.0.2/node_modules/react-native/Libraries/Vibration"
  ReactCommon:
    :path: "../../../node_modules/.pnpm/react-native@0.63.2_react@17.0.2/node_modules/react-native/ReactCommon"
  RNCAsyncStorage:
    :path: "../../../node_modules/.pnpm/@react-native-async-storage+async-storage@1.15.14_react-native@0.63.2/node_modules/@react-native-async-storage/async-storage"
  RNFS:
    :path: "../../../node_modules/.pnpm/react-native-fs@2.18.0_react-native@0.63.2/node_modules/react-native-fs"
  Yoga:
    :path: "../../../node_modules/.pnpm/react-native@0.63.2_react@17.0.2/node_modules/react-native/ReactCommon/yoga"

SPEC CHECKSUMS:
  boost-for-react-native: 39c7adb57c4e60d6c5479dd8623128eb5b3f0f2c
  DoubleConversion: cde416483dac037923206447da6e1454df403714
  EXApplication: 0e15240e4d125b62f1cae48759ffbbd32b9286a6
  EXCamera: 03d69135ceb6f5f18f37b63eddb63d7643b65c42
  EXConstants: 6d585d93723b18d7a8c283591a335609e3bc153e
  EXFileSystem: 99aac7962c11c680681819dd9cbca24e20e5b1e7
  EXFont: 2e1c6fe726d008a039db80df95f48b4921b7fe59
  EXGL: e3def34c0735591c89f62e6649b157d0985c3a8b
  EXGL_CPP: 23709fa188f51702294bf93e19a4fe6dec4f0472
  EXKeepAwake: 8aa32396a5972d26e75e538603aad0f032396503
  Expo: 363a3f3c60d5a1d4f8badb29a869005487f2d9e4
  ExpoModulesCore: e41ed0b72daeac74731816ad7997d639f0115a9d
  FBLazyVector: 3ef4a7f62e7db01092f9d517d2ebc0d0677c4a37
  FBReactNativeSpec: dc7fa9088f0f2a998503a352b0554d69a4391c5a
  Folly: b73c3869541e86821df3c387eb0af5f65addfab4
  glog: 40a13f7840415b9a77023fbcae0f1e6f43192af3
  RCTRequired: f13f25e7b12f925f1f6a6a8c69d929a03c0129fe
  RCTTypeSafety: 44982c5c8e43ff4141eb519a8ddc88059acd1f3a
  React: e1c65dd41cb9db13b99f24608e47dd595f28ca9a
  React-callinvoker: 552a6a6bc8b3bb794cf108ad59e5a9e2e3b4fc98
  React-Core: 9d341e725dc9cd2f49e4c49ad1fc4e8776aa2639
  React-CoreModules: 5335e168165da7f7083ce7147768d36d3e292318
  React-cxxreact: d3261ec5f7d11743fbf21e263a34ea51d1f13ebc
  React-jsi: 54245e1d5f4b690dec614a73a3795964eeef13a8
  React-jsiexecutor: 8ca588cc921e70590820ce72b8789b02c67cce38
  React-jsinspector: b14e62ebe7a66e9231e9581279909f2fc3db6606
  react-native-webview: e89bf2dba26a04cda967814df3ed1be99f291233
  React-RCTActionSheet: 910163b6b09685a35c4ebbc52b66d1bfbbe39fc5
  React-RCTAnimation: 9a883bbe1e9d2e158d4fb53765ed64c8dc2200c6
  React-RCTBlob: 39cf0ece1927996c4466510e25d2105f67010e13
  React-RCTImage: de355d738727b09ad3692f2a979affbd54b5f378
  React-RCTLinking: 8122f221d395a63364b2c0078ce284214bd04575
  React-RCTNetwork: 8f96c7b49ea6a0f28f98258f347b6ad218bc0830
  React-RCTSettings: 8a49622aff9c1925f5455fa340b6fe4853d64ab6
  React-RCTText: 1b6773e776e4b33f90468c20fe3b16ca3e224bb8
  React-RCTVibration: 4d2e726957f4087449739b595f107c0d4b6c2d2d
  ReactCommon: a0a1edbebcac5e91338371b72ffc66aa822792ce
  RNCAsyncStorage: ea6b5c280997b2b32a587793163b1f10e580c4f7
  RNFS: 3ab21fa6c56d65566d1fb26c2228e2b6132e5e32
  Yoga: 7740b94929bbacbddda59bf115b5317e9a161598

PODFILE CHECKSUM: d12e3a9f7cda3d5cad62e254b2b9d553364680c2

COCOAPODS: 1.11.2
